
Microsoft Visual Studio Solution File, Format Version 12.00
# Visual Studio Version 17
VisualStudioVersion = 17.0.31903.59
MinimumVisualStudioVersion = 10.0.40219.1
Project("{2150E333-8FDC-42A3-9474-1A3956D46DE8}") = "src", "src", "{134EFB49-E96B-4A4C-9FE7-4999056EB2B7}"
EndProject
Project("{2150E333-8FDC-42A3-9474-1A3956D46DE8}") = "tests", "tests", "{929C49C4-579B-4ED8-BC12-CE165D047CEF}"
EndProject
Project("{9A19103F-16F7-4668-BE54-9A1E7A4F7556}") = "Ogu.AspNetCore.Compressions", "src\Ogu.AspNetCore.Compressions\Ogu.AspNetCore.Compressions.csproj", "{576F386C-2CA6-4D07-A87D-E65303AB599B}"
EndProject
Project("{9A19103F-16F7-4668-BE54-9A1E7A4F7556}") = "Ogu.Compressions", "src\Ogu.Compressions\Ogu.Compressions.csproj", "{446ED1C0-84E0-4DD0-855B-DE7815536060}"
EndProject
Project("{9A19103F-16F7-4668-BE54-9A1E7A4F7556}") = "Ogu.AspNetCore.Compressions.Tests", "tests\Ogu.AspNetCore.Compressions.Tests\Ogu.AspNetCore.Compressions.Tests.csproj", "{D6ABE87A-E123-4798-B2D3-9546E05A4400}"
EndProject
Project("{9A19103F-16F7-4668-BE54-9A1E7A4F7556}") = "Ogu.Compressions.Tests", "tests\Ogu.Compressions.Tests\Ogu.Compressions.Tests.csproj", "{4BD408C4-1AD2-4989-9294-BED64109752F}"
EndProject
Project("{9A19103F-16F7-4668-BE54-9A1E7A4F7556}") = "Ogu.Compressions.Abstractions", "src\Ogu.Compressions.Abstractions\Ogu.Compressions.Abstractions.csproj", "{3F723C0C-4F33-4749-A665-D43174F51ECA}"
EndProject
Project("{FAE04EC0-301F-11D3-BF4B-00C04F79EFBC}") = "Ogu.Compressions.Brotli", "src\Ogu.Compressions.Brotli\Ogu.Compressions.Brotli.csproj", "{70D269D1-B129-4362-A4CA-DF66EEBCB8AE}"
EndProject
Project("{FAE04EC0-301F-11D3-BF4B-00C04F79EFBC}") = "Ogu.Compressions.Deflate", "src\Ogu.Compressions.Deflate\Ogu.Compressions.Deflate.csproj", "{3C1B7559-F2AE-48F4-9658-F4D496B9B94A}"
EndProject
Project("{FAE04EC0-301F-11D3-BF4B-00C04F79EFBC}") = "Ogu.Compressions.Gzip", "src\Ogu.Compressions.Gzip\Ogu.Compressions.Gzip.csproj", "{B0BD0314-D509-4EE5-963D-A3131631EF5F}"
EndProject
Project("{FAE04EC0-301F-11D3-BF4B-00C04F79EFBC}") = "Ogu.Compressions.Snappy", "src\Ogu.Compressions.Snappy\Ogu.Compressions.Snappy.csproj", "{AFE05D3F-86C7-40F2-86E6-5531EDD0D7D9}"
EndProject
Project("{FAE04EC0-301F-11D3-BF4B-00C04F79EFBC}") = "Ogu.Compressions.Zstd", "src\Ogu.Compressions.Zstd\Ogu.Compressions.Zstd.csproj", "{E235E613-33BD-4A0C-8B9D-609383254C57}"
EndProject
Project("{FAE04EC0-301F-11D3-BF4B-00C04F79EFBC}") = "Ogu.Compressions.None", "src\Ogu.Compressions.None\Ogu.Compressions.None.csproj", "{40220D3F-4361-4147-B276-098C44B5A0AD}"
EndProject
Project("{FAE04EC0-301F-11D3-BF4B-00C04F79EFBC}") = "Ogu.AspNetCore.Compressions.Abstractions", "src\Ogu.AspNetCore.Compressions.Abstractions\Ogu.AspNetCore.Compressions.Abstractions.csproj", "{248951E3-B112-48BE-9982-3C782105FEB2}"
EndProject
Project("{FAE04EC0-301F-11D3-BF4B-00C04F79EFBC}") = "Ogu.AspNetCore.Compressions.Deflate", "src\Ogu.AspNetCore.Compressions.Deflate\Ogu.AspNetCore.Compressions.Deflate.csproj", "{447F09B2-2762-4AE4-B501-E831A2A68B9D}"
EndProject
Project("{FAE04EC0-301F-11D3-BF4B-00C04F79EFBC}") = "Ogu.AspNetCore.Compressions.Snappy", "src\Ogu.AspNetCore.Compressions.Snappy\Ogu.AspNetCore.Compressions.Snappy.csproj", "{CAE732E5-386C-4279-94B7-5EE315808576}"
EndProject
Project("{FAE04EC0-301F-11D3-BF4B-00C04F79EFBC}") = "Ogu.AspNetCore.Compressions.Zstd", "src\Ogu.AspNetCore.Compressions.Zstd\Ogu.AspNetCore.Compressions.Zstd.csproj", "{91143921-748D-4689-91C7-639EF269E48E}"
EndProject
Project("{2150E333-8FDC-42A3-9474-1A3956D46DE8}") = "benchmarks", "benchmarks", "{3ED2E76D-C44E-4780-A1AC-7048745AC1A4}"
EndProject
Project("{FAE04EC0-301F-11D3-BF4B-00C04F79EFBC}") = "Ogu.Compressions.Benchmarks", "benchmarks\Ogu.Compressions.Benchmarks\Ogu.Compressions.Benchmarks.csproj", "{532F3878-3209-4FBE-AD72-3CAA8F68B97E}"
EndProject
Project("{FAE04EC0-301F-11D3-BF4B-00C04F79EFBC}") = "Ogu.Compressions.Brotli.Native", "src\Ogu.Compressions.Brotli.Native\Ogu.Compressions.Brotli.Native.csproj", "{97E2A5BF-CB33-4713-9E36-ECE432E96A60}"
EndProject
Project("{2150E333-8FDC-42A3-9474-1A3956D46DE8}") = "samples", "samples", "{49F4FF19-65CE-494E-A57F-8E6AC9780611}"
EndProject
Project("{FAE04EC0-301F-11D3-BF4B-00C04F79EFBC}") = "Sample.Api", "samples\Sample.Api\Sample.Api.csproj", "{291060D1-1247-418E-BECA-7A6B744D1C17}"
EndProject
Global
	GlobalSection(SolutionConfigurationPlatforms) = preSolution
		Debug|Any CPU = Debug|Any CPU
		Release|Any CPU = Release|Any CPU
	EndGlobalSection
	GlobalSection(ProjectConfigurationPlatforms) = postSolution
		{576F386C-2CA6-4D07-A87D-E65303AB599B}.Debug|Any CPU.ActiveCfg = Debug|Any CPU
		{576F386C-2CA6-4D07-A87D-E65303AB599B}.Debug|Any CPU.Build.0 = Debug|Any CPU
		{576F386C-2CA6-4D07-A87D-E65303AB599B}.Release|Any CPU.ActiveCfg = Release|Any CPU
		{576F386C-2CA6-4D07-A87D-E65303AB599B}.Release|Any CPU.Build.0 = Release|Any CPU
		{446ED1C0-84E0-4DD0-855B-DE7815536060}.Debug|Any CPU.ActiveCfg = Debug|Any CPU
		{446ED1C0-84E0-4DD0-855B-DE7815536060}.Debug|Any CPU.Build.0 = Debug|Any CPU
		{446ED1C0-84E0-4DD0-855B-DE7815536060}.Release|Any CPU.ActiveCfg = Release|Any CPU
		{446ED1C0-84E0-4DD0-855B-DE7815536060}.Release|Any CPU.Build.0 = Release|Any CPU
		{D6ABE87A-E123-4798-B2D3-9546E05A4400}.Debug|Any CPU.ActiveCfg = Debug|Any CPU
		{D6ABE87A-E123-4798-B2D3-9546E05A4400}.Debug|Any CPU.Build.0 = Debug|Any CPU
		{D6ABE87A-E123-4798-B2D3-9546E05A4400}.Release|Any CPU.ActiveCfg = Release|Any CPU
		{D6ABE87A-E123-4798-B2D3-9546E05A4400}.Release|Any CPU.Build.0 = Release|Any CPU
		{4BD408C4-1AD2-4989-9294-BED64109752F}.Debug|Any CPU.ActiveCfg = Debug|Any CPU
		{4BD408C4-1AD2-4989-9294-BED64109752F}.Debug|Any CPU.Build.0 = Debug|Any CPU
		{4BD408C4-1AD2-4989-9294-BED64109752F}.Release|Any CPU.ActiveCfg = Release|Any CPU
		{4BD408C4-1AD2-4989-9294-BED64109752F}.Release|Any CPU.Build.0 = Release|Any CPU
		{3F723C0C-4F33-4749-A665-D43174F51ECA}.Debug|Any CPU.ActiveCfg = Debug|Any CPU
		{3F723C0C-4F33-4749-A665-D43174F51ECA}.Debug|Any CPU.Build.0 = Debug|Any CPU
		{3F723C0C-4F33-4749-A665-D43174F51ECA}.Release|Any CPU.ActiveCfg = Release|Any CPU
		{3F723C0C-4F33-4749-A665-D43174F51ECA}.Release|Any CPU.Build.0 = Release|Any CPU
		{70D269D1-B129-4362-A4CA-DF66EEBCB8AE}.Debug|Any CPU.ActiveCfg = Debug|Any CPU
		{70D269D1-B129-4362-A4CA-DF66EEBCB8AE}.Debug|Any CPU.Build.0 = Debug|Any CPU
		{70D269D1-B129-4362-A4CA-DF66EEBCB8AE}.Release|Any CPU.ActiveCfg = Release|Any CPU
		{70D269D1-B129-4362-A4CA-DF66EEBCB8AE}.Release|Any CPU.Build.0 = Release|Any CPU
		{3C1B7559-F2AE-48F4-9658-F4D496B9B94A}.Debug|Any CPU.ActiveCfg = Debug|Any CPU
		{3C1B7559-F2AE-48F4-9658-F4D496B9B94A}.Debug|Any CPU.Build.0 = Debug|Any CPU
		{3C1B7559-F2AE-48F4-9658-F4D496B9B94A}.Release|Any CPU.ActiveCfg = Release|Any CPU
		{3C1B7559-F2AE-48F4-9658-F4D496B9B94A}.Release|Any CPU.Build.0 = Release|Any CPU
		{B0BD0314-D509-4EE5-963D-A3131631EF5F}.Debug|Any CPU.ActiveCfg = Debug|Any CPU
		{B0BD0314-D509-4EE5-963D-A3131631EF5F}.Debug|Any CPU.Build.0 = Debug|Any CPU
		{B0BD0314-D509-4EE5-963D-A3131631EF5F}.Release|Any CPU.ActiveCfg = Release|Any CPU
		{B0BD0314-D509-4EE5-963D-A3131631EF5F}.Release|Any CPU.Build.0 = Release|Any CPU
		{AFE05D3F-86C7-40F2-86E6-5531EDD0D7D9}.Debug|Any CPU.ActiveCfg = Debug|Any CPU
		{AFE05D3F-86C7-40F2-86E6-5531EDD0D7D9}.Debug|Any CPU.Build.0 = Debug|Any CPU
		{AFE05D3F-86C7-40F2-86E6-5531EDD0D7D9}.Release|Any CPU.ActiveCfg = Release|Any CPU
		{AFE05D3F-86C7-40F2-86E6-5531EDD0D7D9}.Release|Any CPU.Build.0 = Release|Any CPU
		{E235E613-33BD-4A0C-8B9D-609383254C57}.Debug|Any CPU.ActiveCfg = Debug|Any CPU
		{E235E613-33BD-4A0C-8B9D-609383254C57}.Debug|Any CPU.Build.0 = Debug|Any CPU
		{E235E613-33BD-4A0C-8B9D-609383254C57}.Release|Any CPU.ActiveCfg = Release|Any CPU
		{E235E613-33BD-4A0C-8B9D-609383254C57}.Release|Any CPU.Build.0 = Release|Any CPU
		{40220D3F-4361-4147-B276-098C44B5A0AD}.Debug|Any CPU.ActiveCfg = Debug|Any CPU
		{40220D3F-4361-4147-B276-098C44B5A0AD}.Debug|Any CPU.Build.0 = Debug|Any CPU
		{40220D3F-4361-4147-B276-098C44B5A0AD}.Release|Any CPU.ActiveCfg = Release|Any CPU
		{40220D3F-4361-4147-B276-098C44B5A0AD}.Release|Any CPU.Build.0 = Release|Any CPU
		{248951E3-B112-48BE-9982-3C782105FEB2}.Debug|Any CPU.ActiveCfg = Debug|Any CPU
		{248951E3-B112-48BE-9982-3C782105FEB2}.Debug|Any CPU.Build.0 = Debug|Any CPU
		{248951E3-B112-48BE-9982-3C782105FEB2}.Release|Any CPU.ActiveCfg = Release|Any CPU
		{248951E3-B112-48BE-9982-3C782105FEB2}.Release|Any CPU.Build.0 = Release|Any CPU
		{447F09B2-2762-4AE4-B501-E831A2A68B9D}.Debug|Any CPU.ActiveCfg = Debug|Any CPU
		{447F09B2-2762-4AE4-B501-E831A2A68B9D}.Debug|Any CPU.Build.0 = Debug|Any CPU
		{447F09B2-2762-4AE4-B501-E831A2A68B9D}.Release|Any CPU.ActiveCfg = Release|Any CPU
		{447F09B2-2762-4AE4-B501-E831A2A68B9D}.Release|Any CPU.Build.0 = Release|Any CPU
		{CAE732E5-386C-4279-94B7-5EE315808576}.Debug|Any CPU.ActiveCfg = Debug|Any CPU
		{CAE732E5-386C-4279-94B7-5EE315808576}.Debug|Any CPU.Build.0 = Debug|Any CPU
		{CAE732E5-386C-4279-94B7-5EE315808576}.Release|Any CPU.ActiveCfg = Release|Any CPU
		{CAE732E5-386C-4279-94B7-5EE315808576}.Release|Any CPU.Build.0 = Release|Any CPU
		{91143921-748D-4689-91C7-639EF269E48E}.Debug|Any CPU.ActiveCfg = Debug|Any CPU
		{91143921-748D-4689-91C7-639EF269E48E}.Debug|Any CPU.Build.0 = Debug|Any CPU
		{91143921-748D-4689-91C7-639EF269E48E}.Release|Any CPU.ActiveCfg = Release|Any CPU
		{91143921-748D-4689-91C7-639EF269E48E}.Release|Any CPU.Build.0 = Release|Any CPU
		{532F3878-3209-4FBE-AD72-3CAA8F68B97E}.Debug|Any CPU.ActiveCfg = Debug|Any CPU
		{532F3878-3209-4FBE-AD72-3CAA8F68B97E}.Debug|Any CPU.Build.0 = Debug|Any CPU
		{532F3878-3209-4FBE-AD72-3CAA8F68B97E}.Release|Any CPU.ActiveCfg = Release|Any CPU
		{532F3878-3209-4FBE-AD72-3CAA8F68B97E}.Release|Any CPU.Build.0 = Release|Any CPU
		{97E2A5BF-CB33-4713-9E36-ECE432E96A60}.Debug|Any CPU.ActiveCfg = Debug|Any CPU
		{97E2A5BF-CB33-4713-9E36-ECE432E96A60}.Debug|Any CPU.Build.0 = Debug|Any CPU
		{97E2A5BF-CB33-4713-9E36-ECE432E96A60}.Release|Any CPU.ActiveCfg = Release|Any CPU
		{97E2A5BF-CB33-4713-9E36-ECE432E96A60}.Release|Any CPU.Build.0 = Release|Any CPU
		{291060D1-1247-418E-BECA-7A6B744D1C17}.Debug|Any CPU.ActiveCfg = Debug|Any CPU
		{291060D1-1247-418E-BECA-7A6B744D1C17}.Debug|Any CPU.Build.0 = Debug|Any CPU
		{291060D1-1247-418E-BECA-7A6B744D1C17}.Release|Any CPU.ActiveCfg = Release|Any CPU
		{291060D1-1247-418E-BECA-7A6B744D1C17}.Release|Any CPU.Build.0 = Release|Any CPU
	EndGlobalSection
	GlobalSection(SolutionProperties) = preSolution
		HideSolutionNode = FALSE
	EndGlobalSection
	GlobalSection(NestedProjects) = preSolution
		{576F386C-2CA6-4D07-A87D-E65303AB599B} = {134EFB49-E96B-4A4C-9FE7-4999056EB2B7}
		{446ED1C0-84E0-4DD0-855B-DE7815536060} = {134EFB49-E96B-4A4C-9FE7-4999056EB2B7}
		{D6ABE87A-E123-4798-B2D3-9546E05A4400} = {929C49C4-579B-4ED8-BC12-CE165D047CEF}
		{4BD408C4-1AD2-4989-9294-BED64109752F} = {929C49C4-579B-4ED8-BC12-CE165D047CEF}
		{3F723C0C-4F33-4749-A665-D43174F51ECA} = {134EFB49-E96B-4A4C-9FE7-4999056EB2B7}
		{70D269D1-B129-4362-A4CA-DF66EEBCB8AE} = {134EFB49-E96B-4A4C-9FE7-4999056EB2B7}
		{3C1B7559-F2AE-48F4-9658-F4D496B9B94A} = {134EFB49-E96B-4A4C-9FE7-4999056EB2B7}
		{B0BD0314-D509-4EE5-963D-A3131631EF5F} = {134EFB49-E96B-4A4C-9FE7-4999056EB2B7}
		{AFE05D3F-86C7-40F2-86E6-5531EDD0D7D9} = {134EFB49-E96B-4A4C-9FE7-4999056EB2B7}
		{E235E613-33BD-4A0C-8B9D-609383254C57} = {134EFB49-E96B-4A4C-9FE7-4999056EB2B7}
		{40220D3F-4361-4147-B276-098C44B5A0AD} = {134EFB49-E96B-4A4C-9FE7-4999056EB2B7}
		{248951E3-B112-48BE-9982-3C782105FEB2} = {134EFB49-E96B-4A4C-9FE7-4999056EB2B7}
		{447F09B2-2762-4AE4-B501-E831A2A68B9D} = {134EFB49-E96B-4A4C-9FE7-4999056EB2B7}
		{CAE732E5-386C-4279-94B7-5EE315808576} = {134EFB49-E96B-4A4C-9FE7-4999056EB2B7}
		{91143921-748D-4689-91C7-639EF269E48E} = {134EFB49-E96B-4A4C-9FE7-4999056EB2B7}
		{532F3878-3209-4FBE-AD72-3CAA8F68B97E} = {3ED2E76D-C44E-4780-A1AC-7048745AC1A4}
		{97E2A5BF-CB33-4713-9E36-ECE432E96A60} = {134EFB49-E96B-4A4C-9FE7-4999056EB2B7}
		{291060D1-1247-418E-BECA-7A6B744D1C17} = {49F4FF19-65CE-494E-A57F-8E6AC9780611}
	EndGlobalSection
	GlobalSection(ExtensibilityGlobals) = postSolution
		SolutionGuid = {7FA9B782-BA60-4F49-B21F-6F607CBF8D47}
	EndGlobalSection
EndGlobal
